// !$*UTF8*$!
{
	archiveVersion = 1;
	classes = {
	};
	objectVersion = 46;
	objects = {

/* Begin PBXBuildFile section */
		81A83D471EBCA4BA00412D2E /* AppDelegate.swift in Sources */ = {isa = PBXBuildFile; fileRef = 81A83D461EBCA4BA00412D2E /* AppDelegate.swift */; };
		81A83D491EBCA4BA00412D2E /* ViewController.swift in Sources */ = {isa = PBXBuildFile; fileRef = 81A83D481EBCA4BA00412D2E /* ViewController.swift */; };
		81A83D4C1EBCA4BA00412D2E /* Main.storyboard in Resources */ = {isa = PBXBuildFile; fileRef = 81A83D4A1EBCA4BA00412D2E /* Main.storyboard */; };
		81A83D4F1EBCA4BA00412D2E /* Promissing.xcdatamodeld in Sources */ = {isa = PBXBuildFile; fileRef = 81A83D4D1EBCA4BA00412D2E /* Promissing.xcdatamodeld */; };
		81A83D511EBCA4BA00412D2E /* Assets.xcassets in Resources */ = {isa = PBXBuildFile; fileRef = 81A83D501EBCA4BA00412D2E /* Assets.xcassets */; };
		81A83D541EBCA4BA00412D2E /* LaunchScreen.storyboard in Resources */ = {isa = PBXBuildFile; fileRef = 81A83D521EBCA4BA00412D2E /* LaunchScreen.storyboard */; };
		81A83D5F1EBCA4BA00412D2E /* PromissingTests.swift in Sources */ = {isa = PBXBuildFile; fileRef = 81A83D5E1EBCA4BA00412D2E /* PromissingTests.swift */; };
/* End PBXBuildFile section */

/* Begin PBXContainerItemProxy section */
		81A83D5B1EBCA4BA00412D2E /* PBXContainerItemProxy */ = {
			isa = PBXContainerItemProxy;
			containerPortal = 81A83D3B1EBCA4BA00412D2E /* Project object */;
			proxyType = 1;
			remoteGlobalIDString = 81A83D421EBCA4BA00412D2E;
			remoteInfo = Promissing;
		};
/* End PBXContainerItemProxy section */

/* Begin PBXFileReference section */
		81A83D431EBCA4BA00412D2E /* Promissing.app */ = {isa = PBXFileReference; explicitFileType = wrapper.application; includeInIndex = 0; path = Promissing.app; sourceTree = BUILT_PRODUCTS_DIR; };
		81A83D461EBCA4BA00412D2E /* AppDelegate.swift */ = {isa = PBXFileReference; lastKnownFileType = sourcecode.swift; path = AppDelegate.swift; sourceTree = "<group>"; };
		81A83D481EBCA4BA00412D2E /* ViewController.swift */ = {isa = PBXFileReference; lastKnownFileType = sourcecode.swift; path = ViewController.swift; sourceTree = "<group>"; };
		81A83D4B1EBCA4BA00412D2E /* Base */ = {isa = PBXFileReference; lastKnownFileType = file.storyboard; name = Base; path = Base.lproj/Main.storyboard; sourceTree = "<group>"; };
		81A83D4E1EBCA4BA00412D2E /* Promissing.xcdatamodel */ = {isa = PBXFileReference; lastKnownFileType = wrapper.xcdatamodel; path = Promissing.xcdatamodel; sourceTree = "<group>"; };
		81A83D501EBCA4BA00412D2E /* Assets.xcassets */ = {isa = PBXFileReference; lastKnownFileType = folder.assetcatalog; path = Assets.xcassets; sourceTree = "<group>"; };
		81A83D531EBCA4BA00412D2E /* Base */ = {isa = PBXFileReference; lastKnownFileType = file.storyboard; name = Base; path = Base.lproj/LaunchScreen.storyboard; sourceTree = "<group>"; };
		81A83D551EBCA4BA00412D2E /* Info.plist */ = {isa = PBXFileReference; lastKnownFileType = text.plist.xml; path = Info.plist; sourceTree = "<group>"; };
		81A83D5A1EBCA4BA00412D2E /* PromissingTests.xctest */ = {isa = PBXFileReference; explicitFileType = wrapper.cfbundle; includeInIndex = 0; path = PromissingTests.xctest; sourceTree = BUILT_PRODUCTS_DIR; };
		81A83D5E1EBCA4BA00412D2E /* PromissingTests.swift */ = {isa = PBXFileReference; lastKnownFileType = sourcecode.swift; path = PromissingTests.swift; sourceTree = "<group>"; };
		81A83D601EBCA4BA00412D2E /* Info.plist */ = {isa = PBXFileReference; lastKnownFileType = text.plist.xml; path = Info.plist; sourceTree = "<group>"; };
/* End PBXFileReference section */

/* Begin PBXFrameworksBuildPhase section */
		81A83D401EBCA4BA00412D2E /* Frameworks */ = {
			isa = PBXFrameworksBuildPhase;
			buildActionMask = 2147483647;
			files = (
			);
			runOnlyForDeploymentPostprocessing = 0;
		};
		81A83D571EBCA4BA00412D2E /* Frameworks */ = {
			isa = PBXFrameworksBuildPhase;
			buildActionMask = 2147483647;
			files = (
			);
			runOnlyForDeploymentPostprocessing = 0;
		};
/* End PBXFrameworksBuildPhase section */

/* Begin PBXGroup section */
		81A83D3A1EBCA4BA00412D2E = {
			isa = PBXGroup;
			children = (
				81A83D451EBCA4BA00412D2E /* Promissing */,
				81A83D5D1EBCA4BA00412D2E /* PromissingTests */,
				81A83D441EBCA4BA00412D2E /* Products */,
			);
			sourceTree = "<group>";
		};
		81A83D441EBCA4BA00412D2E /* Products */ = {
			isa = PBXGroup;
			children = (
				81A83D431EBCA4BA00412D2E /* Promissing.app */,
				81A83D5A1EBCA4BA00412D2E /* PromissingTests.xctest */,
			);
			name = Products;
			sourceTree = "<group>";
		};
		81A83D451EBCA4BA00412D2E /* Promissing */ = {
			isa = PBXGroup;
			children = (
				81A83D461EBCA4BA00412D2E /* AppDelegate.swift */,
				81A83D481EBCA4BA00412D2E /* ViewController.swift */,
				81A83D4A1EBCA4BA00412D2E /* Main.storyboard */,
				81A83D501EBCA4BA00412D2E /* Assets.xcassets */,
				81A83D521EBCA4BA00412D2E /* LaunchScreen.storyboard */,
				81A83D551EBCA4BA00412D2E /* Info.plist */,
				81A83D4D1EBCA4BA00412D2E /* Promissing.xcdatamodeld */,
			);
			path = Promissing;
			sourceTree = "<group>";
		};
		81A83D5D1EBCA4BA00412D2E /* PromissingTests */ = {
			isa = PBXGroup;
			children = (
				81A83D5E1EBCA4BA00412D2E /* PromissingTests.swift */,
				81A83D601EBCA4BA00412D2E /* Info.plist */,
			);
			path = PromissingTests;
			sourceTree = "<group>";
		};
/* End PBXGroup section */

/* Begin PBXNativeTarget section */
		81A83D421EBCA4BA00412D2E /* Promissing */ = {
			isa = PBXNativeTarget;
			buildConfigurationList = 81A83D631EBCA4BA00412D2E /* Build configuration list for PBXNativeTarget "Promissing" */;
			buildPhases = (
				81A83D3F1EBCA4BA00412D2E /* Sources */,
				81A83D401EBCA4BA00412D2E /* Frameworks */,
				81A83D411EBCA4BA00412D2E /* Resources */,
			);
			buildRules = (
			);
			dependencies = (
			);
			name = Promissing;
			productName = Promissing;
			productReference = 81A83D431EBCA4BA00412D2E /* Promissing.app */;
			productType = "com.apple.product-type.application";
		};
		81A83D591EBCA4BA00412D2E /* PromissingTests */ = {
			isa = PBXNativeTarget;
			buildConfigurationList = 81A83D661EBCA4BA00412D2E /* Build configuration list for PBXNativeTarget "PromissingTests" */;
			buildPhases = (
				81A83D561EBCA4BA00412D2E /* Sources */,
				81A83D571EBCA4BA00412D2E /* Frameworks */,
				81A83D581EBCA4BA00412D2E /* Resources */,
			);
			buildRules = (
			);
			dependencies = (
				81A83D5C1EBCA4BA00412D2E /* PBXTargetDependency */,
			);
			name = PromissingTests;
			productName = PromissingTests;
			productReference = 81A83D5A1EBCA4BA00412D2E /* PromissingTests.xctest */;
			productType = "com.apple.product-type.bundle.unit-test";
		};
/* End PBXNativeTarget section */

/* Begin PBXProject section */
		81A83D3B1EBCA4BA00412D2E /* Project object */ = {
			isa = PBXProject;
			attributes = {
				LastSwiftUpdateCheck = 0830;
				LastUpgradeCheck = 0830;
				ORGANIZATIONNAME = hPark;
				TargetAttributes = {
					81A83D421EBCA4BA00412D2E = {
						CreatedOnToolsVersion = 8.3.2;
						ProvisioningStyle = Automatic;
					};
					81A83D591EBCA4BA00412D2E = {
						CreatedOnToolsVersion = 8.3.2;
						ProvisioningStyle = Automatic;
						TestTargetID = 81A83D421EBCA4BA00412D2E;
					};
				};
			};
			buildConfigurationList = 81A83D3E1EBCA4BA00412D2E /* Build configuration list for PBXProject "Promissing" */;
			compatibilityVersion = "Xcode 3.2";
			developmentRegion = English;
			hasScannedForEncodings = 0;
			knownRegions = (
				en,
				Base,
			);
			mainGroup = 81A83D3A1EBCA4BA00412D2E;
			productRefGroup = 81A83D441EBCA4BA00412D2E /* Products */;
			projectDirPath = "";
			projectRoot = "";
			targets = (
				81A83D421EBCA4BA00412D2E /* Promissing */,
				81A83D591EBCA4BA00412D2E /* PromissingTests */,
			);
		};
/* End PBXProject section */

/* Begin PBXResourcesBuildPhase section */
		81A83D411EBCA4BA00412D2E /* Resources */ = {
			isa = PBXResourcesBuildPhase;
			buildActionMask = 2147483647;
			files = (
				81A83D541EBCA4BA00412D2E /* LaunchScreen.storyboard in Resources */,
				81A83D511EBCA4BA00412D2E /* Assets.xcassets in Resources */,
				81A83D4C1EBCA4BA00412D2E /* Main.storyboard in Resources */,
			);
			runOnlyForDeploymentPostprocessing = 0;
		};
		81A83D581EBCA4BA00412D2E /* Resources */ = {
			isa = PBXResourcesBuildPhase;
			buildActionMask = 2147483647;
			files = (
			);
			runOnlyForDeploymentPostprocessing = 0;
		};
/* End PBXResourcesBuildPhase section */

/* Begin PBXSourcesBuildPhase section */
		81A83D3F1EBCA4BA00412D2E /* Sources */ = {
			isa = PBXSourcesBuildPhase;
			buildActionMask = 2147483647;
			files = (
				81A83D491EBCA4BA00412D2E /* ViewController.swift in Sources */,
				81A83D471EBCA4BA00412D2E /* AppDelegate.swift in Sources */,
				81A83D4F1EBCA4BA00412D2E /* Promissing.xcdatamodeld in Sources */,
			);
			runOnlyForDeploymentPostprocessing = 0;
		};
		81A83D561EBCA4BA00412D2E /* Sources */ = {
			isa = PBXSourcesBuildPhase;
			buildActionMask = 2147483647;
			files = (
				81A83D5F1EBCA4BA00412D2E /* PromissingTests.swift in Sources */,
			);
			runOnlyForDeploymentPostprocessing = 0;
		};
/* End PBXSourcesBuildPhase section */

/* Begin PBXTargetDependency section */
		81A83D5C1EBCA4BA00412D2E /* PBXTargetDependency */ = {
			isa = PBXTargetDependency;
			target = 81A83D421EBCA4BA00412D2E /* Promissing */;
			targetProxy = 81A83D5B1EBCA4BA00412D2E /* PBXContainerItemProxy */;
		};
/* End PBXTargetDependency section */

/* Begin PBXVariantGroup section */
		81A83D4A1EBCA4BA00412D2E /* Main.storyboard */ = {
			isa = PBXVariantGroup;
			children = (
				81A83D4B1EBCA4BA00412D2E /* Base */,
			);
			name = Main.storyboard;
			sourceTree = "<group>";
		};
		81A83D521EBCA4BA00412D2E /* LaunchScreen.storyboard */ = {
			isa = PBXVariantGroup;
			children = (
				81A83D531EBCA4BA00412D2E /* Base */,
			);
			name = LaunchScreen.storyboard;
			sourceTree = "<group>";
		};
/* End PBXVariantGroup section */

/* Begin XCBuildConfiguration section */
		81A83D611EBCA4BA00412D2E /* Debug */ = {
			isa = XCBuildConfiguration;
			buildSettings = {
				ALWAYS_SEARCH_USER_PATHS = NO;
				CLANG_ANALYZER_NONNULL = YES;
				CLANG_ANALYZER_NUMBER_OBJECT_CONVERSION = YES_AGGRESSIVE;
				CLANG_CXX_LANGUAGE_STANDARD = "gnu++0x";
				CLANG_CXX_LIBRARY = "libc++";
				CLANG_ENABLE_MODULES = YES;
				CLANG_ENABLE_OBJC_ARC = YES;
				CLANG_WARN_BOOL_CONVERSION = YES;
				CLANG_WARN_CONSTANT_CONVERSION = YES;
				CLANG_WARN_DIRECT_OBJC_ISA_USAGE = YES_ERROR;
				CLANG_WARN_DOCUMENTATION_COMMENTS = YES;
				CLANG_WARN_EMPTY_BODY = YES;
				CLANG_WARN_ENUM_CONVERSION = YES;
				CLANG_WARN_INFINITE_RECURSION = YES;
				CLANG_WARN_INT_CONVERSION = YES;
				CLANG_WARN_OBJC_ROOT_CLASS = YES_ERROR;
				CLANG_WARN_SUSPICIOUS_MOVE = YES;
				CLANG_WARN_UNREACHABLE_CODE = YES;
				CLANG_WARN__DUPLICATE_METHOD_MATCH = YES;
				"CODE_SIGN_IDENTITY[sdk=iphoneos*]" = "iPhone Developer";
				COPY_PHASE_STRIP = NO;
				DEBUG_INFORMATION_FORMAT = dwarf;
				ENABLE_STRICT_OBJC_MSGSEND = YES;
				ENABLE_TESTABILITY = YES;
				GCC_C_LANGUAGE_STANDARD = gnu99;
				GCC_DYNAMIC_NO_PIC = NO;
				GCC_NO_COMMON_BLOCKS = YES;
				GCC_OPTIMIZATION_LEVEL = 0;
				GCC_PREPROCESSOR_DEFINITIONS = (
					"DEBUG=1",
					"$(inherited)",
				);
				GCC_WARN_64_TO_32_BIT_CONVERSION = YES;
				GCC_WARN_ABOUT_RETURN_TYPE = YES_ERROR;
				GCC_WARN_UNDECLARED_SELECTOR = YES;
				GCC_WARN_UNINITIALIZED_AUTOS = YES_AGGRESSIVE;
				GCC_WARN_UNUSED_FUNCTION = YES;
				GCC_WARN_UNUSED_VARIABLE = YES;
				IPHONEOS_DEPLOYMENT_TARGET = 10.3;
				MTL_ENABLE_DEBUG_INFO = YES;
				ONLY_ACTIVE_ARCH = YES;
				SDKROOT = iphoneos;
				SWIFT_ACTIVE_COMPILATION_CONDITIONS = DEBUG;
				SWIFT_OPTIMIZATION_LEVEL = "-Onone";
				TARGETED_DEVICE_FAMILY = "1,2";
			};
			name = Debug;
		};
		81A83D621EBCA4BA00412D2E /* Release */ = {
			isa = XCBuildConfiguration;
			buildSettings = {
				ALWAYS_SEARCH_USER_PATHS = NO;
				CLANG_ANALYZER_NONNULL = YES;
				CLANG_ANALYZER_NUMBER_OBJECT_CONVERSION = YES_AGGRESSIVE;
				CLANG_CXX_LANGUAGE_STANDARD = "gnu++0x";
				CLANG_CXX_LIBRARY = "libc++";
				CLANG_ENABLE_MODULES = YES;
				CLANG_ENABLE_OBJC_ARC = YES;
				CLANG_WARN_BOOL_CONVERSION = YES;
				CLANG_WARN_CONSTANT_CONVERSION = YES;
				CLANG_WARN_DIRECT_OBJC_ISA_USAGE = YES_ERROR;
				CLANG_WARN_DOCUMENTATION_COMMENTS = YES;
				CLANG_WARN_EMPTY_BODY = YES;
				CLANG_WARN_ENUM_CONVERSION = YES;
				CLANG_WARN_INFINITE_RECURSION = YES;
				CLANG_WARN_INT_CONVERSION = YES;
				CLANG_WARN_OBJC_ROOT_CLASS = YES_ERROR;
				CLANG_WARN_SUSPICIOUS_MOVE = YES;
				CLANG_WARN_UNREACHABLE_CODE = YES;
				CLANG_WARN__DUPLICATE_METHOD_MATCH = YES;
				"CODE_SIGN_IDENTITY[sdk=iphoneos*]" = "iPhone Developer";
				COPY_PHASE_STRIP = NO;
				DEBUG_INFORMATION_FORMAT = "dwarf-with-dsym";
				ENABLE_NS_ASSERTIONS = NO;
				ENABLE_STRICT_OBJC_MSGSEND = YES;
				GCC_C_LANGUAGE_STANDARD = gnu99;
				GCC_NO_COMMON_BLOCKS = YES;
				GCC_WARN_64_TO_32_BIT_CONVERSION = YES;
				GCC_WARN_ABOUT_RETURN_TYPE = YES_ERROR;
				GCC_WARN_UNDECLARED_SELECTOR = YES;
				GCC_WARN_UNINITIALIZED_AUTOS = YES_AGGRESSIVE;
				GCC_WARN_UNUSED_FUNCTION = YES;
				GCC_WARN_UNUSED_VARIABLE = YES;
				IPHONEOS_DEPLOYMENT_TARGET = 10.3;
				MTL_ENABLE_DEBUG_INFO = NO;
				SDKROOT = iphoneos;
				SWIFT_OPTIMIZATION_LEVEL = "-Owholemodule";
				TARGETED_DEVICE_FAMILY = "1,2";
				VALIDATE_PRODUCT = YES;
			};
			name = Release;
		};
		81A83D641EBCA4BA00412D2E /* Debug */ = {
			isa = XCBuildConfiguration;
			buildSettings = {
				ASSETCATALOG_COMPILER_APPICON_NAME = AppIcon;
				INFOPLIST_FILE = Promissing/Info.plist;
				LD_RUNPATH_SEARCH_PATHS = "$(inherited) @executable_path/Frameworks";
				PRODUCT_BUNDLE_IDENTIFIER = hPark.Promissing;
				PRODUCT_NAME = "$(TARGET_NAME)";
				SWIFT_VERSION = 3.0;
			};
			name = Debug;
		};
		81A83D651EBCA4BA00412D2E /* Release */ = {
			isa = XCBuildConfiguration;
			buildSettings = {
				ASSETCATALOG_COMPILER_APPICON_NAME = AppIcon;
				INFOPLIST_FILE = Promissing/Info.plist;
				LD_RUNPATH_SEARCH_PATHS = "$(inherited) @executable_path/Frameworks";
				PRODUCT_BUNDLE_IDENTIFIER = hPark.Promissing;
				PRODUCT_NAME = "$(TARGET_NAME)";
				SWIFT_VERSION = 3.0;
			};
			name = Release;
		};
		81A83D671EBCA4BA00412D2E /* Debug */ = {
			isa = XCBuildConfiguration;
			buildSettings = {
				ALWAYS_EMBED_SWIFT_STANDARD_LIBRARIES = YES;
				BUNDLE_LOADER = "$(TEST_HOST)";
				INFOPLIST_FILE = PromissingTests/Info.plist;
				LD_RUNPATH_SEARCH_PATHS = "$(inherited) @executable_path/Frameworks @loader_path/Frameworks";
				PRODUCT_BUNDLE_IDENTIFIER = hPark.PromissingTests;
				PRODUCT_NAME = "$(TARGET_NAME)";
				SWIFT_VERSION = 3.0;
				TEST_HOST = "$(BUILT_PRODUCTS_DIR)/Promissing.app/Promissing";
			};
			name = Debug;
		};
		81A83D681EBCA4BA00412D2E /* Release */ = {
			isa = XCBuildConfiguration;
			buildSettings = {
				ALWAYS_EMBED_SWIFT_STANDARD_LIBRARIES = YES;
				BUNDLE_LOADER = "$(TEST_HOST)";
				INFOPLIST_FILE = PromissingTests/Info.plist;
				LD_RUNPATH_SEARCH_PATHS = "$(inherited) @executable_path/Frameworks @loader_path/Frameworks";
				PRODUCT_BUNDLE_IDENTIFIER = hPark.PromissingTests;
				PRODUCT_NAME = "$(TARGET_NAME)";
				SWIFT_VERSION = 3.0;
				TEST_HOST = "$(BUILT_PRODUCTS_DIR)/Promissing.app/Promissing";
			};
			name = Release;
		};
/* End XCBuildConfiguration section */

/* Begin XCConfigurationList section */
		81A83D3E1EBCA4BA00412D2E /* Build configuration list for PBXProject "Promissing" */ = {
			isa = XCConfigurationList;
			buildConfigurations = (
				81A83D611EBCA4BA00412D2E /* Debug */,
				81A83D621EBCA4BA00412D2E /* Release */,
			);
			defaultConfigurationIsVisible = 0;
			defaultConfigurationName = Release;
		};
		81A83D631EBCA4BA00412D2E /* Build configuration list for PBXNativeTarget "Promissing" */ = {
			isa = XCConfigurationList;
			buildConfigurations = (
				81A83D641EBCA4BA00412D2E /* Debug */,
				81A83D651EBCA4BA00412D2E /* Release */,
			);
			defaultConfigurationIsVisible = 0;
		};
		81A83D661EBCA4BA00412D2E /* Build configuration list for PBXNativeTarget "PromissingTests" */ = {
			isa = XCConfigurationList;
			buildConfigurations = (
				81A83D671EBCA4BA00412D2E /* Debug */,
				81A83D681EBCA4BA00412D2E /* Release */,
			);
			defaultConfigurationIsVisible = 0;
		};
/* End XCConfigurationList section */

/* Begin XCVersionGroup section */
		81A83D4D1EBCA4BA00412D2E /* Promissing.xcdatamodeld */ = {
			isa = XCVersionGroup;
			children = (
				81A83D4E1EBCA4BA00412D2E /* Promissing.xcdatamodel */,
			);
			currentVersion = 81A83D4E1EBCA4BA00412D2E /* Promissing.xcdatamodel */;
			path = Promissing.xcdatamodeld;
			sourceTree = "<group>";
			versionGroupType = wrapper.xcdatamodel;
		};
/* End XCVersionGroup section */
	};
	rootObject = 81A83D3B1EBCA4BA00412D2E /* Project object */;
}
